
Microsoft Visual Studio Solution File, Format Version 12.00
# Visual Studio 2012
Project("{FAE04EC0-301F-11D3-BF4B-00C04F79EFBC}") = "pathDrawer", "pathDrawer\pathDrawer.csproj", "{EE083BB2-66EA-4D33-8E1E-291253FDDB85}"
EndProject
Global
	GlobalSection(SolutionConfigurationPlatforms) = preSolution
		Debug|Any CPU = Debug|Any CPU
		Release|Any CPU = Release|Any CPU
	EndGlobalSection
	GlobalSection(ProjectConfigurationPlatforms) = postSolution
		{EE083BB2-66EA-4D33-8E1E-291253FDDB85}.Debug|Any CPU.ActiveCfg = Debug|Any CPU
		{EE083BB2-66EA-4D33-8E1E-291253FDDB85}.Debug|Any CPU.Build.0 = Debug|Any CPU
		{EE083BB2-66EA-4D33-8E1E-291253FDDB85}.Release|Any CPU.ActiveCfg = Release|Any CPU
		{EE083BB2-66EA-4D33-8E1E-291253FDDB85}.Release|Any CPU.Build.0 = Release|Any CPU
	EndGlobalSection
	GlobalSection(SolutionProperties) = preSolution
		HideSolutionNode = FALSE
	EndGlobalSection
EndGlobal
