
Microsoft Visual Studio Solution File, Format Version 12.00
# Visual Studio 2012
Project("{F088123C-0E9E-452A-89E6-6BA2F21D5CAC}") = "GeneralDiagram", "General Diagram\GeneralDiagram.modelproj", "{8B8B5892-25A2-434B-851A-009A496238C8}"
EndProject
Project("{FAE04EC0-301F-11D3-BF4B-00C04F79EFBC}") = "General DiagramLib", "General DiagramLib\General DiagramLib.csproj", "{4AE3BD99-6098-439C-B8F8-C086BB130DC8}"
EndProject
Global
	GlobalSection(SolutionConfigurationPlatforms) = preSolution
		Debug|Any CPU = Debug|Any CPU
		Release|Any CPU = Release|Any CPU
	EndGlobalSection
	GlobalSection(ProjectConfigurationPlatforms) = postSolution
		{8B8B5892-25A2-434B-851A-009A496238C8}.Debug|Any CPU.ActiveCfg = Debug|Any CPU
		{8B8B5892-25A2-434B-851A-009A496238C8}.Debug|Any CPU.Build.0 = Debug|Any CPU
		{8B8B5892-25A2-434B-851A-009A496238C8}.Release|Any CPU.ActiveCfg = Release|Any CPU
		{8B8B5892-25A2-434B-851A-009A496238C8}.Release|Any CPU.Build.0 = Release|Any CPU
		{4AE3BD99-6098-439C-B8F8-C086BB130DC8}.Debug|Any CPU.ActiveCfg = Debug|Any CPU
		{4AE3BD99-6098-439C-B8F8-C086BB130DC8}.Debug|Any CPU.Build.0 = Debug|Any CPU
		{4AE3BD99-6098-439C-B8F8-C086BB130DC8}.Release|Any CPU.ActiveCfg = Release|Any CPU
		{4AE3BD99-6098-439C-B8F8-C086BB130DC8}.Release|Any CPU.Build.0 = Release|Any CPU
	EndGlobalSection
	GlobalSection(SolutionProperties) = preSolution
		HideSolutionNode = FALSE
	EndGlobalSection
EndGlobal
